
Microsoft Visual Studio Solution File, Format Version 12.00
# Visual Studio Version 17
VisualStudioVersion = 17.6.33712.159
MinimumVisualStudioVersion = 10.0.40219.1
Project("{F184B08F-C81C-45F6-A57F-5ABD9991F28F}") = "UAS_Pemrograman_Visual", "UAS_Pemrograman_Visual.vbproj", "{C6BFE2B8-0230-4D75-A25F-ED12A61306DF}"
EndProject
Global
	GlobalSection(SolutionConfigurationPlatforms) = preSolution
		Debug|Any CPU = Debug|Any CPU
		Release|Any CPU = Release|Any CPU
	EndGlobalSection
	GlobalSection(ProjectConfigurationPlatforms) = postSolution
		{C6BFE2B8-0230-4D75-A25F-ED12A61306DF}.Debug|Any CPU.ActiveCfg = Debug|Any CPU
		{C6BFE2B8-0230-4D75-A25F-ED12A61306DF}.Debug|Any CPU.Build.0 = Debug|Any CPU
		{C6BFE2B8-0230-4D75-A25F-ED12A61306DF}.Release|Any CPU.ActiveCfg = Release|Any CPU
		{C6BFE2B8-0230-4D75-A25F-ED12A61306DF}.Release|Any CPU.Build.0 = Release|Any CPU
	EndGlobalSection
	GlobalSection(SolutionProperties) = preSolution
		HideSolutionNode = FALSE
	EndGlobalSection
	GlobalSection(ExtensibilityGlobals) = postSolution
		SolutionGuid = {A3A3F9FA-810E-4060-94E4-F27E2B0FADC4}
	EndGlobalSection
EndGlobal
